// !$*UTF8*$!
{
	archiveVersion = 1;
	classes = {
	};
	objectVersion = 56;
	objects = {

/* Begin PBXBuildFile section */
		A1B2C3D4E5F60001 /* SpotterDexApp.swift in Sources */ = {isa = PBXBuildFile; fileRef = A1B2C3D4E5F60011 /* SpotterDexApp.swift */; };
		A1B2C3D4E5F60002 /* ContentView.swift in Sources */ = {isa = PBXBuildFile; fileRef = A1B2C3D4E5F60012 /* ContentView.swift */; };
		A1B2C3D4E5F60003 /* Assets.xcassets in Resources */ = {isa = PBXBuildFile; fileRef = A1B2C3D4E5F60013 /* Assets.xcassets */; };
		A1B2C3D4E5F60004 /* SpotterDexTests.swift in Sources */ = {isa = PBXBuildFile; fileRef = A1B2C3D4E5F60014 /* SpotterDexTests.swift */; };
		A1B2C3D4E5F70002 /* Aircraft.swift in Sources */ = {isa = PBXBuildFile; fileRef = A1B2C3D4E5F70001 /* Aircraft.swift */; };
		A1B2C3D4E5F70004 /* DatabaseView.swift in Sources */ = {isa = PBXBuildFile; fileRef = A1B2C3D4E5F70003 /* DatabaseView.swift */; };
		A1B2C3D4E5F70006 /* DatabaseViewModel.swift in Sources */ = {isa = PBXBuildFile; fileRef = A1B2C3D4E5F70005 /* DatabaseViewModel.swift */; };
		A1B2C3D4E5F70008 /* CompareView.swift in Sources */ = {isa = PBXBuildFile; fileRef = A1B2C3D4E5F70007 /* CompareView.swift */; };
		A1B2C3D4E5F70010 /* CompareViewModel.swift in Sources */ = {isa = PBXBuildFile; fileRef = A1B2C3D4E5F70009 /* CompareViewModel.swift */; };
		A1B2C3D4E5F70012 /* LearnView.swift in Sources */ = {isa = PBXBuildFile; fileRef = A1B2C3D4E5F70011 /* LearnView.swift */; };
		A1B2C3D4E5F70014 /* LearnViewModel.swift in Sources */ = {isa = PBXBuildFile; fileRef = A1B2C3D4E5F70013 /* LearnViewModel.swift */; };
		A1B2C3D4E5F70016 /* SpotView.swift in Sources */ = {isa = PBXBuildFile; fileRef = A1B2C3D4E5F70015 /* SpotView.swift */; };
		A1B2C3D4E5F70018 /* SpotViewModel.swift in Sources */ = {isa = PBXBuildFile; fileRef = A1B2C3D4E5F70017 /* SpotViewModel.swift */; };
		A1B2C3D4E5F80002 /* SeedService.swift in Sources */ = {isa = PBXBuildFile; fileRef = A1B2C3D4E5F80001 /* SeedService.swift */; };
		A1B2C3D4E5F80004 /* StatusBadge.swift in Sources */ = {isa = PBXBuildFile; fileRef = A1B2C3D4E5F80003 /* StatusBadge.swift */; };
		A1B2C3D4E5F80006 /* AircraftEra.swift in Sources */ = {isa = PBXBuildFile; fileRef = A1B2C3D4E5F80005 /* AircraftEra.swift */; };
		A1B2C3D4E5F80008 /* AircraftRowView.swift in Sources */ = {isa = PBXBuildFile; fileRef = A1B2C3D4E5F80007 /* AircraftRowView.swift */; };
		A1B2C3D4E5F80010 /* FilterMenuView.swift in Sources */ = {isa = PBXBuildFile; fileRef = A1B2C3D4E5F80009 /* FilterMenuView.swift */; };
		A1B2C3D4E5F80012 /* aircraft_seed_v1.json in Resources */ = {isa = PBXBuildFile; fileRef = A1B2C3D4E5F80011 /* aircraft_seed_v1.json */; };
		A1B2C3D4E5F90002 /* AircraftDetailView.swift in Sources */ = {isa = PBXBuildFile; fileRef = A1B2C3D4E5F90001 /* AircraftDetailView.swift */; };
		A1B2C3D4E5F90004 /* LookupDetailLink.swift in Sources */ = {isa = PBXBuildFile; fileRef = A1B2C3D4E5F90003 /* LookupDetailLink.swift */; };
		A1B2C3D4E5F90006 /* AircraftSilhouetteView.swift in Sources */ = {isa = PBXBuildFile; fileRef = A1B2C3D4E5F90005 /* AircraftSilhouetteView.swift */; };
		A1B2C3D4E5F90008 /* SpecRow.swift in Sources */ = {isa = PBXBuildFile; fileRef = A1B2C3D4E5F90007 /* SpecRow.swift */; };
		A1B2C3D4E5FA0002 /* LearningRecord.swift in Sources */ = {isa = PBXBuildFile; fileRef = A1B2C3D4E5FA0001 /* LearningRecord.swift */; };
		A1B2C3D4E5FA0004 /* SilhouetteQuizView.swift in Sources */ = {isa = PBXBuildFile; fileRef = A1B2C3D4E5FA0003 /* SilhouetteQuizView.swift */; };
		A1B2C3D4E5FA0006 /* SpecsQuizView.swift in Sources */ = {isa = PBXBuildFile; fileRef = A1B2C3D4E5FA0005 /* SpecsQuizView.swift */; };
		A1B2C3D4E5FA0008 /* SpotDiffView.swift in Sources */ = {isa = PBXBuildFile; fileRef = A1B2C3D4E5FA0007 /* SpotDiffView.swift */; };
		A1B2C3D4E5FA0010 /* ChoiceButton.swift in Sources */ = {isa = PBXBuildFile; fileRef = A1B2C3D4E5FA0009 /* ChoiceButton.swift */; };
/* End PBXBuildFile section */

/* Begin PBXContainerItemProxy section */
		A1B2C3D4E5F60047 /* PBXContainerItemProxy */ = {
			isa = PBXContainerItemProxy;
			containerPortal = A1B2C3D4E5F60060 /* Project object */;
			proxyType = 1;
			remoteGlobalIDString = A1B2C3D4E5F60040;
			remoteInfo = SpotterDex;
		};
/* End PBXContainerItemProxy section */

/* Begin PBXFileReference section */
		A1B2C3D4E5F60010 /* SpotterDex.app */ = {isa = PBXFileReference; explicitFileType = wrapper.application; includeInIndex = 0; path = SpotterDex.app; sourceTree = BUILT_PRODUCTS_DIR; };
		A1B2C3D4E5F60011 /* SpotterDexApp.swift */ = {isa = PBXFileReference; lastKnownFileType = sourcecode.swift; path = SpotterDexApp.swift; sourceTree = "<group>"; };
		A1B2C3D4E5F60012 /* ContentView.swift */ = {isa = PBXFileReference; lastKnownFileType = sourcecode.swift; path = ContentView.swift; sourceTree = "<group>"; };
		A1B2C3D4E5F60013 /* Assets.xcassets */ = {isa = PBXFileReference; lastKnownFileType = folder.assetcatalog; path = Assets.xcassets; sourceTree = "<group>"; };
		A1B2C3D4E5F60014 /* SpotterDexTests.swift */ = {isa = PBXFileReference; lastKnownFileType = sourcecode.swift; path = SpotterDexTests.swift; sourceTree = "<group>"; };
		A1B2C3D4E5F60015 /* SpotterDexTests.xctest */ = {isa = PBXFileReference; explicitFileType = wrapper.cfbundle; includeInIndex = 0; path = SpotterDexTests.xctest; sourceTree = BUILT_PRODUCTS_DIR; };
		A1B2C3D4E5F60016 /* Preview Assets.xcassets */ = {isa = PBXFileReference; lastKnownFileType = folder.assetcatalog; path = "Preview Assets.xcassets"; sourceTree = "<group>"; };
		A1B2C3D4E5F70001 /* Aircraft.swift */ = {isa = PBXFileReference; lastKnownFileType = sourcecode.swift; path = Aircraft.swift; sourceTree = "<group>"; };
		A1B2C3D4E5F70003 /* DatabaseView.swift */ = {isa = PBXFileReference; lastKnownFileType = sourcecode.swift; path = DatabaseView.swift; sourceTree = "<group>"; };
		A1B2C3D4E5F70005 /* DatabaseViewModel.swift */ = {isa = PBXFileReference; lastKnownFileType = sourcecode.swift; path = DatabaseViewModel.swift; sourceTree = "<group>"; };
		A1B2C3D4E5F70007 /* CompareView.swift */ = {isa = PBXFileReference; lastKnownFileType = sourcecode.swift; path = CompareView.swift; sourceTree = "<group>"; };
		A1B2C3D4E5F70009 /* CompareViewModel.swift */ = {isa = PBXFileReference; lastKnownFileType = sourcecode.swift; path = CompareViewModel.swift; sourceTree = "<group>"; };
		A1B2C3D4E5F70011 /* LearnView.swift */ = {isa = PBXFileReference; lastKnownFileType = sourcecode.swift; path = LearnView.swift; sourceTree = "<group>"; };
		A1B2C3D4E5F70013 /* LearnViewModel.swift */ = {isa = PBXFileReference; lastKnownFileType = sourcecode.swift; path = LearnViewModel.swift; sourceTree = "<group>"; };
		A1B2C3D4E5F70015 /* SpotView.swift */ = {isa = PBXFileReference; lastKnownFileType = sourcecode.swift; path = SpotView.swift; sourceTree = "<group>"; };
		A1B2C3D4E5F70017 /* SpotViewModel.swift */ = {isa = PBXFileReference; lastKnownFileType = sourcecode.swift; path = SpotViewModel.swift; sourceTree = "<group>"; };
		A1B2C3D4E5F80001 /* SeedService.swift */ = {isa = PBXFileReference; lastKnownFileType = sourcecode.swift; path = SeedService.swift; sourceTree = "<group>"; };
		A1B2C3D4E5F80003 /* StatusBadge.swift */ = {isa = PBXFileReference; lastKnownFileType = sourcecode.swift; path = StatusBadge.swift; sourceTree = "<group>"; };
		A1B2C3D4E5F80005 /* AircraftEra.swift */ = {isa = PBXFileReference; lastKnownFileType = sourcecode.swift; path = AircraftEra.swift; sourceTree = "<group>"; };
		A1B2C3D4E5F80007 /* AircraftRowView.swift */ = {isa = PBXFileReference; lastKnownFileType = sourcecode.swift; path = AircraftRowView.swift; sourceTree = "<group>"; };
		A1B2C3D4E5F80009 /* FilterMenuView.swift */ = {isa = PBXFileReference; lastKnownFileType = sourcecode.swift; path = FilterMenuView.swift; sourceTree = "<group>"; };
		A1B2C3D4E5F80011 /* aircraft_seed_v1.json */ = {isa = PBXFileReference; lastKnownFileType = text.json; path = aircraft_seed_v1.json; sourceTree = "<group>"; };
		A1B2C3D4E5F90001 /* AircraftDetailView.swift */ = {isa = PBXFileReference; lastKnownFileType = sourcecode.swift; path = AircraftDetailView.swift; sourceTree = "<group>"; };
		A1B2C3D4E5F90003 /* LookupDetailLink.swift */ = {isa = PBXFileReference; lastKnownFileType = sourcecode.swift; path = LookupDetailLink.swift; sourceTree = "<group>"; };
		A1B2C3D4E5F90005 /* AircraftSilhouetteView.swift */ = {isa = PBXFileReference; lastKnownFileType = sourcecode.swift; path = AircraftSilhouetteView.swift; sourceTree = "<group>"; };
		A1B2C3D4E5F90007 /* SpecRow.swift */ = {isa = PBXFileReference; lastKnownFileType = sourcecode.swift; path = SpecRow.swift; sourceTree = "<group>"; };
		A1B2C3D4E5FA0001 /* LearningRecord.swift */ = {isa = PBXFileReference; lastKnownFileType = sourcecode.swift; path = LearningRecord.swift; sourceTree = "<group>"; };
		A1B2C3D4E5FA0003 /* SilhouetteQuizView.swift */ = {isa = PBXFileReference; lastKnownFileType = sourcecode.swift; path = SilhouetteQuizView.swift; sourceTree = "<group>"; };
		A1B2C3D4E5FA0005 /* SpecsQuizView.swift */ = {isa = PBXFileReference; lastKnownFileType = sourcecode.swift; path = SpecsQuizView.swift; sourceTree = "<group>"; };
		A1B2C3D4E5FA0007 /* SpotDiffView.swift */ = {isa = PBXFileReference; lastKnownFileType = sourcecode.swift; path = SpotDiffView.swift; sourceTree = "<group>"; };
		A1B2C3D4E5FA0009 /* ChoiceButton.swift */ = {isa = PBXFileReference; lastKnownFileType = sourcecode.swift; path = ChoiceButton.swift; sourceTree = "<group>"; };
/* End PBXFileReference section */

/* Begin PBXFrameworksBuildPhase section */
		A1B2C3D4E5F60021 /* Frameworks */ = {
			isa = PBXFrameworksBuildPhase;
			buildActionMask = 2147483647;
			files = (
			);
			runOnlyForDeploymentPostprocessing = 0;
		};
		A1B2C3D4E5F60022 /* Frameworks */ = {
			isa = PBXFrameworksBuildPhase;
			buildActionMask = 2147483647;
			files = (
			);
			runOnlyForDeploymentPostprocessing = 0;
		};
/* End PBXFrameworksBuildPhase section */

/* Begin PBXGroup section */
		A1B2C3D4E5F60030 = {
			isa = PBXGroup;
			children = (
				A1B2C3D4E5F60031 /* SpotterDex */,
				A1B2C3D4E5F60032 /* SpotterDexTests */,
				A1B2C3D4E5F60033 /* Products */,
			);
			sourceTree = "<group>";
		};
		A1B2C3D4E5F60031 /* SpotterDex */ = {
			isa = PBXGroup;
			children = (
				A1B2C3D4E5F60011 /* SpotterDexApp.swift */,
				A1B2C3D4E5F60012 /* ContentView.swift */,
				A1B2C3D4E5F60013 /* Assets.xcassets */,
				A1B2C3D4E5F60034 /* Features */,
				A1B2C3D4E5F60035 /* Shared */,
				A1B2C3D4E5F60036 /* Resources */,
				A1B2C3D4E5F60037 /* Data */,
				A1B2C3D4E5F60038 /* ML */,
				A1B2C3D4E5F60039 /* Preview Content */,
			);
			path = SpotterDex;
			sourceTree = "<group>";
		};
		A1B2C3D4E5F60032 /* SpotterDexTests */ = {
			isa = PBXGroup;
			children = (
				A1B2C3D4E5F60014 /* SpotterDexTests.swift */,
			);
			path = SpotterDexTests;
			sourceTree = "<group>";
		};
		A1B2C3D4E5F60033 /* Products */ = {
			isa = PBXGroup;
			children = (
				A1B2C3D4E5F60010 /* SpotterDex.app */,
				A1B2C3D4E5F60015 /* SpotterDexTests.xctest */,
			);
			name = Products;
			sourceTree = "<group>";
		};
		A1B2C3D4E5F60034 /* Features */ = {
			isa = PBXGroup;
			children = (
				A1B2C3D4E5F70019 /* Database */,
				A1B2C3D4E5F70020 /* Compare */,
				A1B2C3D4E5F70021 /* Learn */,
				A1B2C3D4E5F70022 /* Spot */,
			);
			path = Features;
			sourceTree = "<group>";
		};
		A1B2C3D4E5F60035 /* Shared */ = {
			isa = PBXGroup;
			children = (
				A1B2C3D4E5F80003 /* StatusBadge.swift */,
				A1B2C3D4E5F90005 /* AircraftSilhouetteView.swift */,
				A1B2C3D4E5F90007 /* SpecRow.swift */,
				A1B2C3D4E5FA0009 /* ChoiceButton.swift */,
			);
			path = Shared;
			sourceTree = "<group>";
		};
		A1B2C3D4E5F60036 /* Resources */ = {
			isa = PBXGroup;
			children = (
				A1B2C3D4E5F80011 /* aircraft_seed_v1.json */,
			);
			path = Resources;
			sourceTree = "<group>";
		};
		A1B2C3D4E5F60037 /* Data */ = {
			isa = PBXGroup;
			children = (
				A1B2C3D4E5F70001 /* Aircraft.swift */,
				A1B2C3D4E5F80001 /* SeedService.swift */,
				A1B2C3D4E5FA0001 /* LearningRecord.swift */,
			);
			path = Data;
			sourceTree = "<group>";
		};
		A1B2C3D4E5F60038 /* ML */ = {
			isa = PBXGroup;
			children = (
			);
			path = ML;
			sourceTree = "<group>";
		};
		A1B2C3D4E5F70019 /* Database */ = {
			isa = PBXGroup;
			children = (
				A1B2C3D4E5F70003 /* DatabaseView.swift */,
				A1B2C3D4E5F70005 /* DatabaseViewModel.swift */,
				A1B2C3D4E5F80005 /* AircraftEra.swift */,
				A1B2C3D4E5F80007 /* AircraftRowView.swift */,
				A1B2C3D4E5F80009 /* FilterMenuView.swift */,
				A1B2C3D4E5F90001 /* AircraftDetailView.swift */,
				A1B2C3D4E5F90003 /* LookupDetailLink.swift */,
			);
			path = Database;
			sourceTree = "<group>";
		};
		A1B2C3D4E5F70020 /* Compare */ = {
			isa = PBXGroup;
			children = (
				A1B2C3D4E5F70007 /* CompareView.swift */,
				A1B2C3D4E5F70009 /* CompareViewModel.swift */,
			);
			path = Compare;
			sourceTree = "<group>";
		};
		A1B2C3D4E5F70021 /* Learn */ = {
			isa = PBXGroup;
			children = (
				A1B2C3D4E5F70011 /* LearnView.swift */,
				A1B2C3D4E5F70013 /* LearnViewModel.swift */,
				A1B2C3D4E5FA0003 /* SilhouetteQuizView.swift */,
				A1B2C3D4E5FA0005 /* SpecsQuizView.swift */,
				A1B2C3D4E5FA0007 /* SpotDiffView.swift */,
			);
			path = Learn;
			sourceTree = "<group>";
		};
		A1B2C3D4E5F70022 /* Spot */ = {
			isa = PBXGroup;
			children = (
				A1B2C3D4E5F70015 /* SpotView.swift */,
				A1B2C3D4E5F70017 /* SpotViewModel.swift */,
			);
			path = Spot;
			sourceTree = "<group>";
		};
		A1B2C3D4E5F60039 /* Preview Content */ = {
			isa = PBXGroup;
			children = (
				A1B2C3D4E5F60016 /* Preview Assets.xcassets */,
			);
			name = "Preview Content";
			path = "Preview Content";
			sourceTree = "<group>";
		};
/* End PBXGroup section */

/* Begin PBXNativeTarget section */
		A1B2C3D4E5F60040 /* SpotterDex */ = {
			isa = PBXNativeTarget;
			buildConfigurationList = A1B2C3D4E5F60050 /* Build configuration list for PBXNativeTarget "SpotterDex" */;
			buildPhases = (
				A1B2C3D4E5F60041 /* Sources */,
				A1B2C3D4E5F60021 /* Frameworks */,
				A1B2C3D4E5F60042 /* Resources */,
			);
			buildRules = (
			);
			dependencies = (
			);
			name = SpotterDex;
			productName = SpotterDex;
			productReference = A1B2C3D4E5F60010 /* SpotterDex.app */;
			productType = "com.apple.product-type.application";
		};
		A1B2C3D4E5F60043 /* SpotterDexTests */ = {
			isa = PBXNativeTarget;
			buildConfigurationList = A1B2C3D4E5F60051 /* Build configuration list for PBXNativeTarget "SpotterDexTests" */;
			buildPhases = (
				A1B2C3D4E5F60044 /* Sources */,
				A1B2C3D4E5F60022 /* Frameworks */,
				A1B2C3D4E5F60045 /* Resources */,
			);
			buildRules = (
			);
			dependencies = (
				A1B2C3D4E5F60046 /* PBXTargetDependency */,
			);
			name = SpotterDexTests;
			productName = SpotterDexTests;
			productReference = A1B2C3D4E5F60015 /* SpotterDexTests.xctest */;
			productType = "com.apple.product-type.bundle.unit-test";
		};
/* End PBXNativeTarget section */

/* Begin PBXProject section */
		A1B2C3D4E5F60060 /* Project object */ = {
			isa = PBXProject;
			attributes = {
				BuildIndependentTargetsInParallel = 1;
				LastSwiftUpdateCheck = 1530;
				LastUpgradeCheck = 1530;
				TargetAttributes = {
					A1B2C3D4E5F60040 = {
						CreatedOnToolsVersion = 15.3;
					};
					A1B2C3D4E5F60043 = {
						CreatedOnToolsVersion = 15.3;
						TestTargetID = A1B2C3D4E5F60040;
					};
				};
			};
			buildConfigurationList = A1B2C3D4E5F60052 /* Build configuration list for PBXProject "SpotterDex" */;
			compatibilityVersion = "Xcode 14.0";
			developmentRegion = en;
			hasScannedForEncodings = 0;
			knownRegions = (
				en,
				Base,
			);
			mainGroup = A1B2C3D4E5F60030;
			productRefGroup = A1B2C3D4E5F60033 /* Products */;
			projectDirPath = "";
			projectRoot = "";
			targets = (
				A1B2C3D4E5F60040 /* SpotterDex */,
				A1B2C3D4E5F60043 /* SpotterDexTests */,
			);
		};
/* End PBXProject section */

/* Begin PBXResourcesBuildPhase section */
		A1B2C3D4E5F60042 /* Resources */ = {
			isa = PBXResourcesBuildPhase;
			buildActionMask = 2147483647;
			files = (
				A1B2C3D4E5F60003 /* Assets.xcassets in Resources */,
				A1B2C3D4E5F80012 /* aircraft_seed_v1.json in Resources */,
			);
			runOnlyForDeploymentPostprocessing = 0;
		};
		A1B2C3D4E5F60045 /* Resources */ = {
			isa = PBXResourcesBuildPhase;
			buildActionMask = 2147483647;
			files = (
			);
			runOnlyForDeploymentPostprocessing = 0;
		};
/* End PBXResourcesBuildPhase section */

/* Begin PBXSourcesBuildPhase section */
		A1B2C3D4E5F60041 /* Sources */ = {
			isa = PBXSourcesBuildPhase;
			buildActionMask = 2147483647;
			files = (
				A1B2C3D4E5F60001 /* SpotterDexApp.swift in Sources */,
				A1B2C3D4E5F60002 /* ContentView.swift in Sources */,
				A1B2C3D4E5F70002 /* Aircraft.swift in Sources */,
				A1B2C3D4E5F70004 /* DatabaseView.swift in Sources */,
				A1B2C3D4E5F70006 /* DatabaseViewModel.swift in Sources */,
				A1B2C3D4E5F70008 /* CompareView.swift in Sources */,
				A1B2C3D4E5F70010 /* CompareViewModel.swift in Sources */,
				A1B2C3D4E5F70012 /* LearnView.swift in Sources */,
				A1B2C3D4E5F70014 /* LearnViewModel.swift in Sources */,
				A1B2C3D4E5F70016 /* SpotView.swift in Sources */,
				A1B2C3D4E5F70018 /* SpotViewModel.swift in Sources */,
				A1B2C3D4E5F80002 /* SeedService.swift in Sources */,
				A1B2C3D4E5F80004 /* StatusBadge.swift in Sources */,
				A1B2C3D4E5F80006 /* AircraftEra.swift in Sources */,
				A1B2C3D4E5F80008 /* AircraftRowView.swift in Sources */,
				A1B2C3D4E5F80010 /* FilterMenuView.swift in Sources */,
				A1B2C3D4E5F90002 /* AircraftDetailView.swift in Sources */,
				A1B2C3D4E5F90004 /* LookupDetailLink.swift in Sources */,
				A1B2C3D4E5F90006 /* AircraftSilhouetteView.swift in Sources */,
				A1B2C3D4E5F90008 /* SpecRow.swift in Sources */,
				A1B2C3D4E5FA0002 /* LearningRecord.swift in Sources */,
				A1B2C3D4E5FA0004 /* SilhouetteQuizView.swift in Sources */,
				A1B2C3D4E5FA0006 /* SpecsQuizView.swift in Sources */,
				A1B2C3D4E5FA0008 /* SpotDiffView.swift in Sources */,
				A1B2C3D4E5FA0010 /* ChoiceButton.swift in Sources */,
			);
			runOnlyForDeploymentPostprocessing = 0;
		};
		A1B2C3D4E5F60044 /* Sources */ = {
			isa = PBXSourcesBuildPhase;
			buildActionMask = 2147483647;
			files = (
				A1B2C3D4E5F60004 /* SpotterDexTests.swift in Sources */,
			);
			runOnlyForDeploymentPostprocessing = 0;
		};
/* End PBXSourcesBuildPhase section */

/* Begin PBXTargetDependency section */
		A1B2C3D4E5F60046 /* PBXTargetDependency */ = {
			isa = PBXTargetDependency;
			target = A1B2C3D4E5F60040 /* SpotterDex */;
			targetProxy = A1B2C3D4E5F60047 /* PBXContainerItemProxy */;
		};
/* End PBXTargetDependency section */

/* Begin XCBuildConfiguration section */
		A1B2C3D4E5F60070 /* Debug */ = {
			isa = XCBuildConfiguration;
			buildSettings = {
				ALWAYS_SEARCH_USER_PATHS = NO;
				ASSETCATALOG_COMPILER_GENERATE_SWIFT_ASSET_SYMBOL_EXTENSIONS = YES;
				CLANG_ANALYZER_NONNULL = YES;
				CLANG_ANALYZER_NUMBER_OBJECT_CONVERSION = YES_AGGRESSIVE;
				CLANG_CXX_LANGUAGE_STANDARD = "gnu++20";
				CLANG_ENABLE_MODULES = YES;
				CLANG_ENABLE_OBJC_ARC = YES;
				CLANG_ENABLE_OBJC_WEAK = YES;
				CLANG_WARN_BLOCK_CAPTURE_AUTORELEASING = YES;
				CLANG_WARN_BOOL_CONVERSION = YES;
				CLANG_WARN_COMMA = YES;
				CLANG_WARN_CONSTANT_CONVERSION = YES;
				CLANG_WARN_DEPRECATED_OBJC_IMPLEMENTATIONS = YES;
				CLANG_WARN_DIRECT_OBJC_ISA_USAGE = YES_ERROR;
				CLANG_WARN_DOCUMENTATION_COMMENTS = YES;
				CLANG_WARN_EMPTY_BODY = YES;
				CLANG_WARN_ENUM_CONVERSION = YES;
				CLANG_WARN_INFINITE_RECURSION = YES;
				CLANG_WARN_INT_CONVERSION = YES;
				CLANG_WARN_NON_LITERAL_NULL_CONVERSION = YES;
				CLANG_WARN_OBJC_IMPLICIT_RETAIN_CYCLE = YES;
				CLANG_WARN_OBJC_LITERAL_CONVERSION = YES;
				CLANG_WARN_OBJC_ROOT_CLASS = YES_ERROR;
				CLANG_WARN_QUOTED_INCLUDE_IN_FRAMEWORK_HEADER = YES;
				CLANG_WARN_RANGE_LOOP_ANALYSIS = YES;
				CLANG_WARN_STRICT_PROTOTYPES = YES;
				CLANG_WARN_SUSPICIOUS_MOVE = YES;
				CLANG_WARN_UNGUARDED_AVAILABILITY = YES_AGGRESSIVE;
				CLANG_WARN_UNREACHABLE_CODE = YES;
				CLANG_WARN__DUPLICATE_METHOD_MATCH = YES;
				COPY_PHASE_STRIP = NO;
				DEBUG_INFORMATION_FORMAT = dwarf;
				ENABLE_STRICT_OBJC_MSGSEND = YES;
				ENABLE_TESTABILITY = YES;
				ENABLE_USER_SCRIPT_SANDBOXING = YES;
				GCC_C_LANGUAGE_STANDARD = gnu17;
				GCC_DYNAMIC_NO_PIC = NO;
				GCC_NO_COMMON_BLOCKS = YES;
				GCC_OPTIMIZATION_LEVEL = 0;
				GCC_PREPROCESSOR_DEFINITIONS = (
					"DEBUG=1",
					"$(inherited)",
				);
				GCC_WARN_64_TO_32_BIT_CONVERSION = YES;
				GCC_WARN_ABOUT_RETURN_TYPE = YES_ERROR;
				GCC_WARN_UNDECLARED_SELECTOR = YES;
				GCC_WARN_UNINITIALIZED_AUTOS = YES_AGGRESSIVE;
				GCC_WARN_UNUSED_FUNCTION = YES;
				GCC_WARN_UNUSED_VARIABLE = YES;
				IPHONEOS_DEPLOYMENT_TARGET = 17.0;
				MTL_ENABLE_DEBUG_INFO = INCLUDE_SOURCE;
				MTL_FAST_MATH = YES;
				ONLY_ACTIVE_ARCH = YES;
				SDKROOT = iphoneos;
				SWIFT_ACTIVE_COMPILATION_CONDITIONS = "DEBUG $(inherited)";
				SWIFT_OPTIMIZATION_LEVEL = "-Onone";
			};
			name = Debug;
		};
		A1B2C3D4E5F60071 /* Release */ = {
			isa = XCBuildConfiguration;
			buildSettings = {
				ALWAYS_SEARCH_USER_PATHS = NO;
				ASSETCATALOG_COMPILER_GENERATE_SWIFT_ASSET_SYMBOL_EXTENSIONS = YES;
				CLANG_ANALYZER_NONNULL = YES;
				CLANG_ANALYZER_NUMBER_OBJECT_CONVERSION = YES_AGGRESSIVE;
				CLANG_CXX_LANGUAGE_STANDARD = "gnu++20";
				CLANG_ENABLE_MODULES = YES;
				CLANG_ENABLE_OBJC_ARC = YES;
				CLANG_ENABLE_OBJC_WEAK = YES;
				CLANG_WARN_BLOCK_CAPTURE_AUTORELEASING = YES;
				CLANG_WARN_BOOL_CONVERSION = YES;
				CLANG_WARN_COMMA = YES;
				CLANG_WARN_CONSTANT_CONVERSION = YES;
				CLANG_WARN_DEPRECATED_OBJC_IMPLEMENTATIONS = YES;
				CLANG_WARN_DIRECT_OBJC_ISA_USAGE = YES_ERROR;
				CLANG_WARN_DOCUMENTATION_COMMENTS = YES;
				CLANG_WARN_EMPTY_BODY = YES;
				CLANG_WARN_ENUM_CONVERSION = YES;
				CLANG_WARN_INFINITE_RECURSION = YES;
				CLANG_WARN_INT_CONVERSION = YES;
				CLANG_WARN_NON_LITERAL_NULL_CONVERSION = YES;
				CLANG_WARN_OBJC_IMPLICIT_RETAIN_CYCLE = YES;
				CLANG_WARN_OBJC_LITERAL_CONVERSION = YES;
				CLANG_WARN_OBJC_ROOT_CLASS = YES_ERROR;
				CLANG_WARN_QUOTED_INCLUDE_IN_FRAMEWORK_HEADER = YES;
				CLANG_WARN_RANGE_LOOP_ANALYSIS = YES;
				CLANG_WARN_STRICT_PROTOTYPES = YES;
				CLANG_WARN_SUSPICIOUS_MOVE = YES;
				CLANG_WARN_UNGUARDED_AVAILABILITY = YES_AGGRESSIVE;
				CLANG_WARN_UNREACHABLE_CODE = YES;
				CLANG_WARN__DUPLICATE_METHOD_MATCH = YES;
				COPY_PHASE_STRIP = NO;
				DEBUG_INFORMATION_FORMAT = "dwarf-with-dsym";
				ENABLE_NS_ASSERTIONS = NO;
				ENABLE_STRICT_OBJC_MSGSEND = YES;
				ENABLE_USER_SCRIPT_SANDBOXING = YES;
				GCC_C_LANGUAGE_STANDARD = gnu17;
				GCC_NO_COMMON_BLOCKS = YES;
				GCC_WARN_64_TO_32_BIT_CONVERSION = YES;
				GCC_WARN_ABOUT_RETURN_TYPE = YES_ERROR;
				GCC_WARN_UNDECLARED_SELECTOR = YES;
				GCC_WARN_UNINITIALIZED_AUTOS = YES_AGGRESSIVE;
				GCC_WARN_UNUSED_FUNCTION = YES;
				GCC_WARN_UNUSED_VARIABLE = YES;
				IPHONEOS_DEPLOYMENT_TARGET = 17.0;
				MTL_FAST_MATH = YES;
				SDKROOT = iphoneos;
				SWIFT_COMPILATION_MODE = wholemodule;
				VALIDATE_PRODUCT = YES;
			};
			name = Release;
		};
		A1B2C3D4E5F60072 /* Debug */ = {
			isa = XCBuildConfiguration;
			buildSettings = {
				ASSETCATALOG_COMPILER_APPICON_NAME = AppIcon;
				ASSETCATALOG_COMPILER_GLOBAL_ACCENT_COLOR_NAME = AccentColor;
				CODE_SIGN_STYLE = Automatic;
				CURRENT_PROJECT_VERSION = 1;
				DEVELOPMENT_ASSET_PATHS = "\"SpotterDex/Preview Content\"";
				ENABLE_PREVIEWS = YES;
				GENERATE_INFOPLIST_FILE = YES;
				INFOPLIST_KEY_UIApplicationSceneManifest_Generation = YES;
				INFOPLIST_KEY_UIApplicationSupportsIndirectInputEvents = YES;
				INFOPLIST_KEY_UILaunchScreen_Generation = YES;
				INFOPLIST_KEY_UISupportedInterfaceOrientations_iPad = "UIInterfaceOrientationPortrait UIInterfaceOrientationPortraitUpsideDown UIInterfaceOrientationLandscapeLeft UIInterfaceOrientationLandscapeRight";
				INFOPLIST_KEY_UISupportedInterfaceOrientations_iPhone = "UIInterfaceOrientationPortrait UIInterfaceOrientationLandscapeLeft UIInterfaceOrientationLandscapeRight";
				IPHONEOS_DEPLOYMENT_TARGET = 17.0;
				LD_RUNPATH_SEARCH_PATHS = (
					"$(inherited)",
					"@executable_path/Frameworks",
				);
				MARKETING_VERSION = 1.0;
				PRODUCT_BUNDLE_IDENTIFIER = com.spotterdex.app;
				PRODUCT_NAME = "$(TARGET_NAME)";
				SWIFT_EMIT_LOC_STRINGS = YES;
				SWIFT_VERSION = 5.0;
				TARGETED_DEVICE_FAMILY = "1,2";
			};
			name = Debug;
		};
		A1B2C3D4E5F60073 /* Release */ = {
			isa = XCBuildConfiguration;
			buildSettings = {
				ASSETCATALOG_COMPILER_APPICON_NAME = AppIcon;
				ASSETCATALOG_COMPILER_GLOBAL_ACCENT_COLOR_NAME = AccentColor;
				CODE_SIGN_STYLE = Automatic;
				CURRENT_PROJECT_VERSION = 1;
				DEVELOPMENT_ASSET_PATHS = "\"SpotterDex/Preview Content\"";
				ENABLE_PREVIEWS = YES;
				GENERATE_INFOPLIST_FILE = YES;
				INFOPLIST_KEY_UIApplicationSceneManifest_Generation = YES;
				INFOPLIST_KEY_UIApplicationSupportsIndirectInputEvents = YES;
				INFOPLIST_KEY_UILaunchScreen_Generation = YES;
				INFOPLIST_KEY_UISupportedInterfaceOrientations_iPad = "UIInterfaceOrientationPortrait UIInterfaceOrientationPortraitUpsideDown UIInterfaceOrientationLandscapeLeft UIInterfaceOrientationLandscapeRight";
				INFOPLIST_KEY_UISupportedInterfaceOrientations_iPhone = "UIInterfaceOrientationPortrait UIInterfaceOrientationLandscapeLeft UIInterfaceOrientationLandscapeRight";
				IPHONEOS_DEPLOYMENT_TARGET = 17.0;
				LD_RUNPATH_SEARCH_PATHS = (
					"$(inherited)",
					"@executable_path/Frameworks",
				);
				MARKETING_VERSION = 1.0;
				PRODUCT_BUNDLE_IDENTIFIER = com.spotterdex.app;
				PRODUCT_NAME = "$(TARGET_NAME)";
				SWIFT_EMIT_LOC_STRINGS = YES;
				SWIFT_VERSION = 5.0;
				TARGETED_DEVICE_FAMILY = "1,2";
			};
			name = Release;
		};
		A1B2C3D4E5F60074 /* Debug */ = {
			isa = XCBuildConfiguration;
			buildSettings = {
				BUNDLE_LOADER = "$(TEST_HOST)";
				CODE_SIGN_STYLE = Automatic;
				CURRENT_PROJECT_VERSION = 1;
				GENERATE_INFOPLIST_FILE = YES;
				IPHONEOS_DEPLOYMENT_TARGET = 17.0;
				MARKETING_VERSION = 1.0;
				PRODUCT_BUNDLE_IDENTIFIER = com.spotterdex.app.tests;
				PRODUCT_NAME = "$(TARGET_NAME)";
				SWIFT_EMIT_LOC_STRINGS = NO;
				SWIFT_VERSION = 5.0;
				TARGETED_DEVICE_FAMILY = "1,2";
				TEST_HOST = "$(BUILT_PRODUCTS_DIR)/SpotterDex.app/$(BUNDLE_EXECUTABLE_FOLDER_PATH)/SpotterDex";
			};
			name = Debug;
		};
		A1B2C3D4E5F60075 /* Release */ = {
			isa = XCBuildConfiguration;
			buildSettings = {
				BUNDLE_LOADER = "$(TEST_HOST)";
				CODE_SIGN_STYLE = Automatic;
				CURRENT_PROJECT_VERSION = 1;
				GENERATE_INFOPLIST_FILE = YES;
				IPHONEOS_DEPLOYMENT_TARGET = 17.0;
				MARKETING_VERSION = 1.0;
				PRODUCT_BUNDLE_IDENTIFIER = com.spotterdex.app.tests;
				PRODUCT_NAME = "$(TARGET_NAME)";
				SWIFT_EMIT_LOC_STRINGS = NO;
				SWIFT_VERSION = 5.0;
				TARGETED_DEVICE_FAMILY = "1,2";
				TEST_HOST = "$(BUILT_PRODUCTS_DIR)/SpotterDex.app/$(BUNDLE_EXECUTABLE_FOLDER_PATH)/SpotterDex";
			};
			name = Release;
		};
/* End XCBuildConfiguration section */

/* Begin XCConfigurationList section */
		A1B2C3D4E5F60050 /* Build configuration list for PBXNativeTarget "SpotterDex" */ = {
			isa = XCConfigurationList;
			buildConfigurations = (
				A1B2C3D4E5F60072 /* Debug */,
				A1B2C3D4E5F60073 /* Release */,
			);
			defaultConfigurationIsVisible = 0;
			defaultConfigurationName = Release;
		};
		A1B2C3D4E5F60051 /* Build configuration list for PBXNativeTarget "SpotterDexTests" */ = {
			isa = XCConfigurationList;
			buildConfigurations = (
				A1B2C3D4E5F60074 /* Debug */,
				A1B2C3D4E5F60075 /* Release */,
			);
			defaultConfigurationIsVisible = 0;
			defaultConfigurationName = Release;
		};
		A1B2C3D4E5F60052 /* Build configuration list for PBXProject "SpotterDex" */ = {
			isa = XCConfigurationList;
			buildConfigurations = (
				A1B2C3D4E5F60070 /* Debug */,
				A1B2C3D4E5F60071 /* Release */,
			);
			defaultConfigurationIsVisible = 0;
			defaultConfigurationName = Release;
		};
/* End XCConfigurationList section */
	};
	rootObject = A1B2C3D4E5F60060 /* Project object */;
}
